
Microsoft Visual Studio Solution File, Format Version 12.00
# Visual Studio 2013
Project("{FAE04EC0-301F-11D3-BF4B-00C04F79EFBC}") = "UnityVS.ShootingTest.CSharp", "UnityVS.ShootingTest.CSharp.csproj", "{D19545BC-2B0E-3F4E-0482-0E0396CF5E06}"
EndProject
Project("{FAE04EC0-301F-11D3-BF4B-00C04F79EFBC}") = "UnityVS.ShootingTest.CSharp.Editor", "UnityVS.ShootingTest.CSharp.Editor.csproj", "{D9476189-B3C3-B284-6748-3B5E32A1318D}"
EndProject
Global
	GlobalSection(SolutionConfigurationPlatforms) = preSolution
		Debug|Any CPU = Debug|Any CPU
		Release|Any CPU = Release|Any CPU
	EndGlobalSection
	GlobalSection(ProjectConfigurationPlatforms) = postSolution
		{D19545BC-2B0E-3F4E-0482-0E0396CF5E06}.Debug|Any CPU.ActiveCfg = Debug|Any CPU
		{D19545BC-2B0E-3F4E-0482-0E0396CF5E06}.Debug|Any CPU.Build.0 = Debug|Any CPU
		{D19545BC-2B0E-3F4E-0482-0E0396CF5E06}.Release|Any CPU.ActiveCfg = Release|Any CPU
		{D19545BC-2B0E-3F4E-0482-0E0396CF5E06}.Release|Any CPU.Build.0 = Release|Any CPU
		{D9476189-B3C3-B284-6748-3B5E32A1318D}.Debug|Any CPU.ActiveCfg = Debug|Any CPU
		{D9476189-B3C3-B284-6748-3B5E32A1318D}.Debug|Any CPU.Build.0 = Debug|Any CPU
		{D9476189-B3C3-B284-6748-3B5E32A1318D}.Release|Any CPU.ActiveCfg = Release|Any CPU
		{D9476189-B3C3-B284-6748-3B5E32A1318D}.Release|Any CPU.Build.0 = Release|Any CPU
	EndGlobalSection
	GlobalSection(SolutionProperties) = preSolution
		HideSolutionNode = FALSE
	EndGlobalSection
EndGlobal
